
Microsoft Visual Studio Solution File, Format Version 12.00
# Visual Studio Version 17
VisualStudioVersion = 17.0.31903.59
MinimumVisualStudioVersion = 10.0.40219.1
Project("{FAE04EC0-301F-11D3-BF4B-00C04F79EFBC}") = "EyeVrrf.Core", "EyeVrrf.Core\EyeVrrf.Core.csproj", "{00752C7C-A16C-4475-82D8-E2CB677538ED}"
EndProject
Project("{FAE04EC0-301F-11D3-BF4B-00C04F79EFBC}") = "EyeVrrf.App", "EyeVrrf.App\EyeVrrf.App.csproj", "{FB8542C3-0C6A-4C06-A15C-61C75A0E0E07}"
EndProject
Project("{FAE04EC0-301F-11D3-BF4B-00C04F79EFBC}") = "EyeVrrf.Tests", "EyeVrrf.Tests\EyeVrrf.Tests.csproj", "{2838A350-F036-47BA-9D87-62E9810A46C2}"
EndProject
Global
	GlobalSection(SolutionConfigurationPlatforms) = preSolution
		Debug|Any CPU = Debug|Any CPU
		Release|Any CPU = Release|Any CPU
	EndGlobalSection
	GlobalSection(SolutionProperties) = preSolution
		HideSolutionNode = FALSE
	EndGlobalSection
	GlobalSection(ProjectConfigurationPlatforms) = postSolution
		{00752C7C-A16C-4475-82D8-E2CB677538ED}.Debug|Any CPU.ActiveCfg = Debug|Any CPU
		{00752C7C-A16C-4475-82D8-E2CB677538ED}.Debug|Any CPU.Build.0 = Debug|Any CPU
		{00752C7C-A16C-4475-82D8-E2CB677538ED}.Release|Any CPU.ActiveCfg = Release|Any CPU
		{00752C7C-A16C-4475-82D8-E2CB677538ED}.Release|Any CPU.Build.0 = Release|Any CPU
		{FB8542C3-0C6A-4C06-A15C-61C75A0E0E07}.Debug|Any CPU.ActiveCfg = Debug|Any CPU
		{FB8542C3-0C6A-4C06-A15C-61C75A0E0E07}.Debug|Any CPU.Build.0 = Debug|Any CPU
		{FB8542C3-0C6A-4C06-A15C-61C75A0E0E07}.Release|Any CPU.ActiveCfg = Release|Any CPU
		{FB8542C3-0C6A-4C06-A15C-61C75A0E0E07}.Release|Any CPU.Build.0 = Release|Any CPU
		{2838A350-F036-47BA-9D87-62E9810A46C2}.Debug|Any CPU.ActiveCfg = Debug|Any CPU
		{2838A350-F036-47BA-9D87-62E9810A46C2}.Debug|Any CPU.Build.0 = Debug|Any CPU
		{2838A350-F036-47BA-9D87-62E9810A46C2}.Release|Any CPU.ActiveCfg = Release|Any CPU
		{2838A350-F036-47BA-9D87-62E9810A46C2}.Release|Any CPU.Build.0 = Release|Any CPU
	EndGlobalSection
EndGlobal
